
Microsoft Visual Studio Solution File, Format Version 12.00
# Visual Studio Version 17
VisualStudioVersion = 17.9.34714.143
MinimumVisualStudioVersion = 10.0.40219.1
Project("{FAE04EC0-301F-11D3-BF4B-00C04F79EFBC}") = "xf_spark_console", "xf_spark_console.csproj", "{6D624E34-D9D4-41DA-9C43-F3C3B446B844}"
EndProject
Project("{FAE04EC0-301F-11D3-BF4B-00C04F79EFBC}") = "SemanticKernel_Demo", "..\SemanticKernel_Demo\SemanticKernel_Demo.csproj", "{768F2DF7-6B17-43DC-9DC9-2EEA22570005}"
EndProject
Project("{2150E333-8FDC-42A3-9474-1A3956D46DE8}") = ".gitignore", ".gitignore", "{02EA681E-C7D8-13C7-8484-4AC65E1B71E8}"
EndProject
Global
	GlobalSection(SolutionConfigurationPlatforms) = preSolution
		Debug|Any CPU = Debug|Any CPU
		Release|Any CPU = Release|Any CPU
	EndGlobalSection
	GlobalSection(ProjectConfigurationPlatforms) = postSolution
		{6D624E34-D9D4-41DA-9C43-F3C3B446B844}.Debug|Any CPU.ActiveCfg = Debug|Any CPU
		{6D624E34-D9D4-41DA-9C43-F3C3B446B844}.Debug|Any CPU.Build.0 = Debug|Any CPU
		{6D624E34-D9D4-41DA-9C43-F3C3B446B844}.Release|Any CPU.ActiveCfg = Release|Any CPU
		{6D624E34-D9D4-41DA-9C43-F3C3B446B844}.Release|Any CPU.Build.0 = Release|Any CPU
		{768F2DF7-6B17-43DC-9DC9-2EEA22570005}.Debug|Any CPU.ActiveCfg = Debug|Any CPU
		{768F2DF7-6B17-43DC-9DC9-2EEA22570005}.Debug|Any CPU.Build.0 = Debug|Any CPU
		{768F2DF7-6B17-43DC-9DC9-2EEA22570005}.Release|Any CPU.ActiveCfg = Release|Any CPU
		{768F2DF7-6B17-43DC-9DC9-2EEA22570005}.Release|Any CPU.Build.0 = Release|Any CPU
	EndGlobalSection
	GlobalSection(SolutionProperties) = preSolution
		HideSolutionNode = FALSE
	EndGlobalSection
	GlobalSection(ExtensibilityGlobals) = postSolution
		SolutionGuid = {97CC7EFB-A3BC-4BC2-A26A-D923600999ED}
	EndGlobalSection
EndGlobal
